{
  "nodes": {
    "apple-silicon-support": {
      "flake": false,
      "locked": {
        "lastModified": 1746909655,
        "narHash": "sha256-F3Ma9Yh38NFNHVQEkNCMZZKwfyYN/hHUKOwg1HjHHIw=",
        "owner": "tpwrules",
        "repo": "nixos-apple-silicon",
        "rev": "4829c0cee5887452eed32df61937bf20bc8032fe",
        "type": "github"
      },
      "original": {
        "owner": "tpwrules",
        "ref": "main",
        "repo": "nixos-apple-silicon",
        "type": "github"
      }
    },
    "asahi-widevine": {
      "flake": false,
      "locked": {
        "lastModified": 1723388729,
        "narHash": "sha256-ox2xU7PraSexer7+M+4Bc5gxpRYr1d4elh1e6erpsUg=",
        "owner": "AsahiLinux",
        "repo": "widevine-installer",
        "rev": "eab8c668ad3f9db27a444ee1f94b82d8f3ab5336",
        "type": "github"
      },
      "original": {
        "owner": "AsahiLinux",
        "repo": "widevine-installer",
        "type": "github"
      }
    },
    "chromium-widevine": {
      "inputs": {
        "asahi-widevine": "asahi-widevine",
        "lacros": "lacros",
        "nixpkgs": [
          "nixpkgs"
        ]
      },
      "locked": {
        "dir": "chromium-widevine",
        "lastModified": 1747094850,
        "narHash": "sha256-zbMXGE7oIo/IIW9cH9Tn4vJ2L9NfagJ6sws8M4WOX3k=",
        "owner": "heywoodlh",
        "repo": "flakes",
        "rev": "172478ac12803845aedb6f425a2a749534ed64e7",
        "type": "github"
      },
      "original": {
        "dir": "chromium-widevine",
        "owner": "heywoodlh",
        "repo": "flakes",
        "type": "github"
      }
    },
    "home-manager": {
      "inputs": {
        "nixpkgs": [
          "nixpkgs"
        ]
      },
      "locked": {
        "lastModified": 1747155932,
        "narHash": "sha256-NnPzzXEqfYjfrimLzK0JOBItfdEJdP/i6SNTuunCGgw=",
        "type": "tarball",
        "url": "https://github.com/nix-community/home-manager/archive/master.tar.gz"
      },
      "original": {
        "type": "tarball",
        "url": "https://github.com/nix-community/home-manager/archive/master.tar.gz"
      }
    },
    "lacros": {
      "flake": false,
      "locked": {
        "narHash": "sha256-+BvpWlYv4E0XSmnL0gGISUp0WflexbKtYnNE293nik0=",
        "type": "file",
        "url": "https://commondatastorage.googleapis.com/chromeos-localmirror/distfiles/chromeos-lacros-arm64-squash-zstd-120.0.6098.0"
      },
      "original": {
        "type": "file",
        "url": "https://commondatastorage.googleapis.com/chromeos-localmirror/distfiles/chromeos-lacros-arm64-squash-zstd-120.0.6098.0"
      }
    },
    "nixpkgs": {
      "locked": {
        "lastModified": 1746957726,
        "narHash": "sha256-k9ut1LSfHCr0AW82ttEQzXVCqmyWVA5+SHJkS5ID/Jo=",
        "owner": "nixos",
        "repo": "nixpkgs",
        "rev": "a39ed32a651fdee6842ec930761e31d1f242cb94",
        "type": "github"
      },
      "original": {
        "owner": "nixos",
        "ref": "nixos-24.11",
        "repo": "nixpkgs",
        "type": "github"
      }
    },
    "nixpkgs-unstable": {
      "locked": {
        "lastModified": 1746904237,
        "narHash": "sha256-3e+AVBczosP5dCLQmMoMEogM57gmZ2qrVSrmq9aResQ=",
        "owner": "nixos",
        "repo": "nixpkgs",
        "rev": "d89fc19e405cb2d55ce7cc114356846a0ee5e956",
        "type": "github"
      },
      "original": {
        "owner": "nixos",
        "ref": "nixos-unstable",
        "repo": "nixpkgs",
        "type": "github"
      }
    },
    "root": {
      "inputs": {
        "apple-silicon-support": "apple-silicon-support",
        "chromium-widevine": "chromium-widevine",
        "home-manager": "home-manager",
        "nixpkgs": "nixpkgs",
        "nixpkgs-unstable": "nixpkgs-unstable"
      }
    }
  },
  "root": "root",
  "version": 7
}
